
Microsoft Visual Studio Solution File, Format Version 12.00
# Visual Studio Version 17
VisualStudioVersion = 17.5.33502.453
MinimumVisualStudioVersion = 10.0.40219.1
Project("{9A19103F-16F7-4668-BE54-9A1E7A4F7556}") = "ROBO.RoboAPI", "RoboAPI\ROBO.RoboAPI.csproj", "{A0266177-5B34-413F-801E-679DEA5A679A}"
EndProject
Project("{9A19103F-16F7-4668-BE54-9A1E7A4F7556}") = "ROBO.Dominio", "Dominio\ROBO.Dominio.csproj", "{61B6A228-F60B-48E0-BECD-94809E54129F}"
EndProject
Project("{9A19103F-16F7-4668-BE54-9A1E7A4F7556}") = "ROBO.Servicos", "Servicos\ROBO.Servicos.csproj", "{187C8FE1-71A0-41A8-8E4C-6679A161A616}"
EndProject
Project("{9A19103F-16F7-4668-BE54-9A1E7A4F7556}") = "ROBO.RoboWeb", "RoboWeb\ROBO.RoboWeb.csproj", "{19F84F4D-5EE1-434E-8351-E6DF0DE8EDB0}"
EndProject
Project("{FAE04EC0-301F-11D3-BF4B-00C04F79EFBC}") = "ROBO.Infra", "ROBO.Infra\ROBO.Infra.csproj", "{658C96DB-7A2D-42DE-8AEA-837B6293C49B}"
EndProject
Global
	GlobalSection(SolutionConfigurationPlatforms) = preSolution
		Debug|Any CPU = Debug|Any CPU
		Release|Any CPU = Release|Any CPU
	EndGlobalSection
	GlobalSection(ProjectConfigurationPlatforms) = postSolution
		{A0266177-5B34-413F-801E-679DEA5A679A}.Debug|Any CPU.ActiveCfg = Debug|Any CPU
		{A0266177-5B34-413F-801E-679DEA5A679A}.Debug|Any CPU.Build.0 = Debug|Any CPU
		{A0266177-5B34-413F-801E-679DEA5A679A}.Release|Any CPU.ActiveCfg = Release|Any CPU
		{A0266177-5B34-413F-801E-679DEA5A679A}.Release|Any CPU.Build.0 = Release|Any CPU
		{61B6A228-F60B-48E0-BECD-94809E54129F}.Debug|Any CPU.ActiveCfg = Debug|Any CPU
		{61B6A228-F60B-48E0-BECD-94809E54129F}.Debug|Any CPU.Build.0 = Debug|Any CPU
		{61B6A228-F60B-48E0-BECD-94809E54129F}.Release|Any CPU.ActiveCfg = Release|Any CPU
		{61B6A228-F60B-48E0-BECD-94809E54129F}.Release|Any CPU.Build.0 = Release|Any CPU
		{187C8FE1-71A0-41A8-8E4C-6679A161A616}.Debug|Any CPU.ActiveCfg = Debug|Any CPU
		{187C8FE1-71A0-41A8-8E4C-6679A161A616}.Debug|Any CPU.Build.0 = Debug|Any CPU
		{187C8FE1-71A0-41A8-8E4C-6679A161A616}.Release|Any CPU.ActiveCfg = Release|Any CPU
		{187C8FE1-71A0-41A8-8E4C-6679A161A616}.Release|Any CPU.Build.0 = Release|Any CPU
		{19F84F4D-5EE1-434E-8351-E6DF0DE8EDB0}.Debug|Any CPU.ActiveCfg = Debug|Any CPU
		{19F84F4D-5EE1-434E-8351-E6DF0DE8EDB0}.Debug|Any CPU.Build.0 = Debug|Any CPU
		{19F84F4D-5EE1-434E-8351-E6DF0DE8EDB0}.Release|Any CPU.ActiveCfg = Release|Any CPU
		{19F84F4D-5EE1-434E-8351-E6DF0DE8EDB0}.Release|Any CPU.Build.0 = Release|Any CPU
		{658C96DB-7A2D-42DE-8AEA-837B6293C49B}.Debug|Any CPU.ActiveCfg = Debug|Any CPU
		{658C96DB-7A2D-42DE-8AEA-837B6293C49B}.Debug|Any CPU.Build.0 = Debug|Any CPU
		{658C96DB-7A2D-42DE-8AEA-837B6293C49B}.Release|Any CPU.ActiveCfg = Release|Any CPU
		{658C96DB-7A2D-42DE-8AEA-837B6293C49B}.Release|Any CPU.Build.0 = Release|Any CPU
	EndGlobalSection
	GlobalSection(SolutionProperties) = preSolution
		HideSolutionNode = FALSE
	EndGlobalSection
	GlobalSection(ExtensibilityGlobals) = postSolution
		SolutionGuid = {75E8EAB8-A347-4D78-A465-82F499DD3674}
	EndGlobalSection
EndGlobal
